
Microsoft Visual Studio Solution File, Format Version 12.00
# Visual Studio Version 17
VisualStudioVersion = 17.9.34728.123
MinimumVisualStudioVersion = 10.0.40219.1
Project("{FAE04EC0-301F-11D3-BF4B-00C04F79EFBC}") = "SistemaVentasExamen", "SistemaVentasExamen\SistemaVentasExamen.csproj", "{7101E409-9EC0-4E64-A5C6-C4CF541AA8BC}"
EndProject
Global
	GlobalSection(SolutionConfigurationPlatforms) = preSolution
		Debug|Any CPU = Debug|Any CPU
		Release|Any CPU = Release|Any CPU
	EndGlobalSection
	GlobalSection(ProjectConfigurationPlatforms) = postSolution
		{7101E409-9EC0-4E64-A5C6-C4CF541AA8BC}.Debug|Any CPU.ActiveCfg = Debug|Any CPU
		{7101E409-9EC0-4E64-A5C6-C4CF541AA8BC}.Debug|Any CPU.Build.0 = Debug|Any CPU
		{7101E409-9EC0-4E64-A5C6-C4CF541AA8BC}.Release|Any CPU.ActiveCfg = Release|Any CPU
		{7101E409-9EC0-4E64-A5C6-C4CF541AA8BC}.Release|Any CPU.Build.0 = Release|Any CPU
	EndGlobalSection
	GlobalSection(SolutionProperties) = preSolution
		HideSolutionNode = FALSE
	EndGlobalSection
	GlobalSection(ExtensibilityGlobals) = postSolution
		SolutionGuid = {A4DF42F1-B834-4D1C-889D-4AECD6D9ECC8}
	EndGlobalSection
EndGlobal
